
Microsoft Visual Studio Solution File, Format Version 12.00
# Visual Studio Version 17
VisualStudioVersion = 17.14.36327.8 d17.14
MinimumVisualStudioVersion = 10.0.40219.1
Project("{FAE04EC0-301F-11D3-BF4B-00C04F79EFBC}") = "MessangerServer", "MessangerServer.csproj", "{F29492AC-424C-4B32-95B1-39C8F3CB7E5C}"
EndProject
Project("{FAE04EC0-301F-11D3-BF4B-00C04F79EFBC}") = "MessageLibrary", "..\MessageLibrary\MessageLibrary.csproj", "{00B79A4F-6259-4A29-8B91-A1E58134BDC0}"
EndProject
Global
	GlobalSection(SolutionConfigurationPlatforms) = preSolution
		Debug|Any CPU = Debug|Any CPU
		Release|Any CPU = Release|Any CPU
	EndGlobalSection
	GlobalSection(ProjectConfigurationPlatforms) = postSolution
		{F29492AC-424C-4B32-95B1-39C8F3CB7E5C}.Debug|Any CPU.ActiveCfg = Debug|Any CPU
		{F29492AC-424C-4B32-95B1-39C8F3CB7E5C}.Debug|Any CPU.Build.0 = Debug|Any CPU
		{F29492AC-424C-4B32-95B1-39C8F3CB7E5C}.Release|Any CPU.ActiveCfg = Release|Any CPU
		{F29492AC-424C-4B32-95B1-39C8F3CB7E5C}.Release|Any CPU.Build.0 = Release|Any CPU
		{00B79A4F-6259-4A29-8B91-A1E58134BDC0}.Debug|Any CPU.ActiveCfg = Debug|Any CPU
		{00B79A4F-6259-4A29-8B91-A1E58134BDC0}.Debug|Any CPU.Build.0 = Debug|Any CPU
		{00B79A4F-6259-4A29-8B91-A1E58134BDC0}.Release|Any CPU.ActiveCfg = Release|Any CPU
		{00B79A4F-6259-4A29-8B91-A1E58134BDC0}.Release|Any CPU.Build.0 = Release|Any CPU
	EndGlobalSection
	GlobalSection(SolutionProperties) = preSolution
		HideSolutionNode = FALSE
	EndGlobalSection
	GlobalSection(ExtensibilityGlobals) = postSolution
		SolutionGuid = {0AC9EAF5-DBB3-45A9-8F56-9A3E2DD0E7D5}
	EndGlobalSection
EndGlobal
